
Microsoft Visual Studio Solution File, Format Version 12.00
# Visual Studio Version 17
VisualStudioVersion = 17.2.32616.157
MinimumVisualStudioVersion = 10.0.40219.1
Project("{FAE04EC0-301F-11D3-BF4B-00C04F79EFBC}") = "RestSharpTest", "RestSharpTest\RestSharpTest.csproj", "{C8FC1B89-66D9-43EF-A598-4A498647AB6F}"
EndProject
Global
	GlobalSection(SolutionConfigurationPlatforms) = preSolution
		Debug|Any CPU = Debug|Any CPU
		Release|Any CPU = Release|Any CPU
	EndGlobalSection
	GlobalSection(ProjectConfigurationPlatforms) = postSolution
		{C8FC1B89-66D9-43EF-A598-4A498647AB6F}.Debug|Any CPU.ActiveCfg = Debug|Any CPU
		{C8FC1B89-66D9-43EF-A598-4A498647AB6F}.Debug|Any CPU.Build.0 = Debug|Any CPU
		{C8FC1B89-66D9-43EF-A598-4A498647AB6F}.Release|Any CPU.ActiveCfg = Release|Any CPU
		{C8FC1B89-66D9-43EF-A598-4A498647AB6F}.Release|Any CPU.Build.0 = Release|Any CPU
	EndGlobalSection
	GlobalSection(SolutionProperties) = preSolution
		HideSolutionNode = FALSE
	EndGlobalSection
	GlobalSection(ExtensibilityGlobals) = postSolution
		SolutionGuid = {0120D3F3-EA79-4936-9ADC-B81733731403}
	EndGlobalSection
EndGlobal
